
Microsoft Visual Studio Solution File, Format Version 12.00
# Visual Studio Version 16
VisualStudioVersion = 16.0.29613.14
MinimumVisualStudioVersion = 10.0.40219.1
Project("{FAE04EC0-301F-11D3-BF4B-00C04F79EFBC}") = "FileDuplicateCopy", "FileDuplicateCopy\FileDuplicateCopy.csproj", "{CBD2E55D-62D7-45F1-A2EF-CECD19892DE8}"
EndProject
Global
	GlobalSection(SolutionConfigurationPlatforms) = preSolution
		Debug|Any CPU = Debug|Any CPU
		Release|Any CPU = Release|Any CPU
	EndGlobalSection
	GlobalSection(ProjectConfigurationPlatforms) = postSolution
		{CBD2E55D-62D7-45F1-A2EF-CECD19892DE8}.Debug|Any CPU.ActiveCfg = Debug|Any CPU
		{CBD2E55D-62D7-45F1-A2EF-CECD19892DE8}.Debug|Any CPU.Build.0 = Debug|Any CPU
		{CBD2E55D-62D7-45F1-A2EF-CECD19892DE8}.Release|Any CPU.ActiveCfg = Release|Any CPU
		{CBD2E55D-62D7-45F1-A2EF-CECD19892DE8}.Release|Any CPU.Build.0 = Release|Any CPU
	EndGlobalSection
	GlobalSection(SolutionProperties) = preSolution
		HideSolutionNode = FALSE
	EndGlobalSection
	GlobalSection(ExtensibilityGlobals) = postSolution
		SolutionGuid = {4EF0DC4C-05E9-46CB-BDBA-D261D1BC522A}
	EndGlobalSection
EndGlobal
